
Microsoft Visual Studio Solution File, Format Version 12.00
# Visual Studio Version 16
VisualStudioVersion = 16.0.30711.63
MinimumVisualStudioVersion = 10.0.40219.1
Project("{FAE04EC0-301F-11D3-BF4B-00C04F79EFBC}") = "weather data compiler", "weather data compiler.csproj", "{80B39A41-DEC4-43FB-9235-4DB2002244F5}"
EndProject
Global
	GlobalSection(SolutionConfigurationPlatforms) = preSolution
		Debug|Any CPU = Debug|Any CPU
		Release|Any CPU = Release|Any CPU
	EndGlobalSection
	GlobalSection(ProjectConfigurationPlatforms) = postSolution
		{80B39A41-DEC4-43FB-9235-4DB2002244F5}.Debug|Any CPU.ActiveCfg = Debug|Any CPU
		{80B39A41-DEC4-43FB-9235-4DB2002244F5}.Debug|Any CPU.Build.0 = Debug|Any CPU
		{80B39A41-DEC4-43FB-9235-4DB2002244F5}.Release|Any CPU.ActiveCfg = Release|Any CPU
		{80B39A41-DEC4-43FB-9235-4DB2002244F5}.Release|Any CPU.Build.0 = Release|Any CPU
	EndGlobalSection
	GlobalSection(SolutionProperties) = preSolution
		HideSolutionNode = FALSE
	EndGlobalSection
	GlobalSection(ExtensibilityGlobals) = postSolution
		SolutionGuid = {255BBDEF-18DF-4EC0-87DC-883418517271}
	EndGlobalSection
EndGlobal
